{
  "name": "client",
  "version": "0.1.0",
  "lockfileVersion": 1,
  "requires": true,
  "dependencies": {
    "vue": {
      "version": "2.6.11",
      "resolved": "https://registry.npmjs.org/vue/-/vue-2.6.11.tgz",
      "integrity": "sha512-VfPwgcGABbGAue9+sfrD4PuwFar7gPb1yl1UK1MwXoQPAw0BKSqWfoYCT/ThFrdEVWoI51dBuyCoiNU9bZDZxQ=="
    },
    "vue-radial-menu": {
      "version": "1.1.1",
      "resolved": "https://registry.npmjs.org/vue-radial-menu/-/vue-radial-menu-1.1.1.tgz",
      "integrity": "sha512-SySXDESYZPxOe4mxOWp77qUOJUW9o2n7co1Po9NSiEkfoZsPVtVK7iH/I4fBnGAN+ltGDcUYqiQ0Q7A8qggYQA==",
      "requires": {
        "vue": "^2.5.17"
      }
    },
    "yarn": {
      "version": "1.22.4",
      "resolved": "https://registry.npmjs.org/yarn/-/yarn-1.22.4.tgz",
      "integrity": "sha512-oYM7hi/lIWm9bCoDMEWgffW8aiNZXCWeZ1/tGy0DWrN6vmzjCXIKu2Y21o8DYVBUtiktwKcNoxyGl/2iKLUNGA=="
    }
  }
}
